# THIS IS AN AUTOGENERATED FILE. DO NOT EDIT THIS FILE DIRECTLY.
# yarn lockfile v1


prompt-sync-history@^1.0.1:
  version "1.0.1"
  resolved "https://registry.yarnpkg.com/prompt-sync-history/-/prompt-sync-history-1.0.1.tgz#d02edf18cc03b8932867156c292274ba2c0050fd"
  integrity sha1-0C7fGMwDuJMoZxVsKSJ0uiwAUP0=
